{
  "name": "ravirambaran_art",
  "lockfileVersion": 3,
  "requires": true,
  "packages": {
    "": {
      "dependencies": {
        "@alpinejs/intersect": "^3.12.2"
      }
    },
    "node_modules/@alpinejs/intersect": {
      "version": "3.12.2",
      "resolved": "https://registry.npmjs.org/@alpinejs/intersect/-/intersect-3.12.2.tgz",
      "integrity": "sha512-4xkmvfyh8EdCPxQdTtb4nb9rhnlpaF+7lc4EhBrqAw8yMnNSVKBC5mBfUONCRsd2jrgQgK8CT6bdciEThyNhzQ=="
    }
  }
}
